
Microsoft Visual Studio Solution File, Format Version 12.00
# Visual Studio 15
VisualStudioVersion = 15.0.26430.14
MinimumVisualStudioVersion = 10.0.40219.1
Project("{FAE04EC0-301F-11D3-BF4B-00C04F79EFBC}") = "TaxiCallCenter.MVP.WpfApp", "TaxiCallCenter.MVP.WpfApp\TaxiCallCenter.MVP.WpfApp.csproj", "{325F6C53-B881-4FBA-A397-2D2709A6986E}"
EndProject
Global
	GlobalSection(SolutionConfigurationPlatforms) = preSolution
		Debug|Any CPU = Debug|Any CPU
		Release|Any CPU = Release|Any CPU
	EndGlobalSection
	GlobalSection(ProjectConfigurationPlatforms) = postSolution
		{325F6C53-B881-4FBA-A397-2D2709A6986E}.Debug|Any CPU.ActiveCfg = Debug|Any CPU
		{325F6C53-B881-4FBA-A397-2D2709A6986E}.Debug|Any CPU.Build.0 = Debug|Any CPU
		{325F6C53-B881-4FBA-A397-2D2709A6986E}.Release|Any CPU.ActiveCfg = Release|Any CPU
		{325F6C53-B881-4FBA-A397-2D2709A6986E}.Release|Any CPU.Build.0 = Release|Any CPU
	EndGlobalSection
	GlobalSection(SolutionProperties) = preSolution
		HideSolutionNode = FALSE
	EndGlobalSection
EndGlobal
